# This file was autogenerated by uv via the following command:
#    uv pip compile requirements.txt -c boot-verified-freeze.txt --python-version 3.10.20 --python-platform x86_64-pc-windows-msvc --annotation-style line -o requirements.lock
# Platform: Windows win_amd64, CPython 3.10.20 only. A Linux host needs its own lock (see README).
# boot-verified-freeze.txt: pip list --format=freeze of the tested .venv on 2026-09-17 minus pip and wheel; not committed.
# Edit version ranges in requirements.txt and regenerate this file; do not hand-edit pins.
aiohappyeyeballs==2.7.1   # via aiohttp, -c boot-verified-freeze.txt
aiohttp==3.14.3           # via fsspec, kubernetes, -c boot-verified-freeze.txt
aiosignal==1.4.0          # via aiohttp, -c boot-verified-freeze.txt
annotated-doc==0.0.5      # via typer, -c boot-verified-freeze.txt
annotated-types==0.8.0    # via pydantic, -c boot-verified-freeze.txt
anyio==4.15.1             # via httpx, httpx2, openai, watchfiles, -c boot-verified-freeze.txt
apscheduler==3.11.3       # via -c boot-verified-freeze.txt, -r requirements.txt
async-timeout==5.0.1      # via aiohttp, -c boot-verified-freeze.txt
attrs==26.1.0             # via aiohttp, jsonschema, outcome, referencing, trio, -c boot-verified-freeze.txt
babel==2.18.0             # via courlan, -c boot-verified-freeze.txt
backoff==2.2.1            # via posthog, -c boot-verified-freeze.txt
bcrypt==5.0.0             # via chromadb, -c boot-verified-freeze.txt
beautifulsoup4==4.15.0    # via -c boot-verified-freeze.txt, -r requirements.txt
blinker==1.9.0            # via flask, -c boot-verified-freeze.txt
build==1.6.1              # via chromadb, -c boot-verified-freeze.txt
certifi==2026.7.22        # via httpcore, httpx, kubernetes, requests, selenium, trafilatura, -c boot-verified-freeze.txt
cffi==2.1.1               # via trio, -c boot-verified-freeze.txt
charset-normalizer==3.5.1  # via htmldate, requests, trafilatura, -c boot-verified-freeze.txt
chroma-haystack==4.5.0    # via -c boot-verified-freeze.txt, -r requirements.txt
chromadb==1.5.9           # via chroma-haystack, -c boot-verified-freeze.txt, -r requirements.txt
click==8.5.0              # via flask, nltk, uvicorn, -c boot-verified-freeze.txt
cloudpickle==3.1.2        # via joblib, -c boot-verified-freeze.txt
colorama==0.4.6           # via build, loguru, tqdm, typer, -c boot-verified-freeze.txt
coloredlogs==15.0.1       # via onnxruntime, -c boot-verified-freeze.txt
courlan==1.4.0            # via trafilatura, -c boot-verified-freeze.txt
datasets==5.0.1           # via glirel, -c boot-verified-freeze.txt, -r requirements.txt
dateparser==1.4.3         # via htmldate, -c boot-verified-freeze.txt
defusedxml==0.7.1         # via nltk, -c boot-verified-freeze.txt
dill==0.4.1               # via datasets, multiprocess, -c boot-verified-freeze.txt
distro==1.9.0             # via posthog, -c boot-verified-freeze.txt
docstring-parser==0.18.0  # via haystack-ai, -c boot-verified-freeze.txt
durationpy==0.11          # via kubernetes, -c boot-verified-freeze.txt
exceptiongroup==1.3.1     # via anyio, trio, trio-websocket, -c boot-verified-freeze.txt
feedparser==6.0.14        # via -c boot-verified-freeze.txt, -r requirements.txt
feedparser-sgmllib==2.1.0  # via feedparser, -c boot-verified-freeze.txt
filelock==3.32.7          # via datasets, huggingface-hub, torch, transformers, -c boot-verified-freeze.txt
filetype==1.2.0           # via haystack-ai, -c boot-verified-freeze.txt
flask==3.1.3              # via flask-cors, -c boot-verified-freeze.txt, -r requirements.txt
flask-cors==6.0.5         # via -c boot-verified-freeze.txt, -r requirements.txt
flatbuffers==25.12.19     # via onnxruntime, -c boot-verified-freeze.txt
frozenlist==1.8.0         # via aiohttp, aiosignal, -c boot-verified-freeze.txt
fsspec==2026.6.0          # via datasets, huggingface-hub, torch, -c boot-verified-freeze.txt
gliner==0.2.29            # via -c boot-verified-freeze.txt, -r requirements.txt
glirel==1.2.1             # via -c boot-verified-freeze.txt, -r requirements.txt
googleapis-common-protos==1.75.3  # via opentelemetry-exporter-otlp-proto-grpc, -c boot-verified-freeze.txt
grpcio==1.84.0            # via chromadb, opentelemetry-exporter-otlp-proto-grpc, -c boot-verified-freeze.txt
h11==0.16.0               # via httpcore, httpcore2, uvicorn, wsproto, -c boot-verified-freeze.txt
haystack-ai==2.31.0       # via chroma-haystack, haystack-experimental, ollama-haystack, -c boot-verified-freeze.txt, -r requirements.txt
haystack-experimental==0.19.0.post1  # via haystack-ai, -c boot-verified-freeze.txt
hf-xet==1.6.0             # via huggingface-hub, -c boot-verified-freeze.txt
htmldate==1.10.0          # via trafilatura, -c boot-verified-freeze.txt
httpcore==1.0.9           # via httpx, -c boot-verified-freeze.txt
httpcore2==2.13.0         # via httpx2, -c boot-verified-freeze.txt
httptools==0.8.0          # via uvicorn, -c boot-verified-freeze.txt
httpx==0.28.1             # via chromadb, datasets, haystack-ai, ollama, -c boot-verified-freeze.txt, -r requirements.txt
httpx2==2.13.0            # via openai, -c boot-verified-freeze.txt
huggingface-hub==0.36.2   # via datasets, gliner, glirel, sentence-transformers, tokenizers, transformers, -c boot-verified-freeze.txt, -r requirements.txt
humanfriendly==10.0       # via coloredlogs, -c boot-verified-freeze.txt
idna==3.19                # via anyio, httpx, httpx2, requests, trio, yarl, -c boot-verified-freeze.txt
importlib-resources==7.1.0  # via chromadb, -c boot-verified-freeze.txt
itsdangerous==2.2.0       # via flask, -c boot-verified-freeze.txt
jinja2==3.1.6             # via flask, haystack-ai, torch, -c boot-verified-freeze.txt
jiter==0.17.0             # via openai, -c boot-verified-freeze.txt
joblib==1.6.0             # via nltk, scikit-learn, -c boot-verified-freeze.txt
jsonschema==4.26.0        # via chromadb, haystack-ai, -c boot-verified-freeze.txt
jsonschema-specifications==2025.9.1  # via jsonschema, -c boot-verified-freeze.txt
justext==3.0.2            # via trafilatura, -c boot-verified-freeze.txt
kubernetes==36.0.3        # via chromadb, -c boot-verified-freeze.txt
lazy-imports==1.2.0       # via haystack-ai, -c boot-verified-freeze.txt
loguru==0.7.3             # via -c boot-verified-freeze.txt, -r requirements.txt
lxml==6.1.3               # via htmldate, justext, lxml-html-clean, trafilatura, -c boot-verified-freeze.txt
lxml-html-clean==0.4.5    # via lxml, -c boot-verified-freeze.txt, -r requirements.txt
markdown-it-py==4.2.0     # via rich, -c boot-verified-freeze.txt
markupsafe==3.0.3         # via flask, haystack-ai, jinja2, werkzeug, -c boot-verified-freeze.txt
mdurl==0.1.2              # via markdown-it-py, -c boot-verified-freeze.txt
mmh3==5.3.0               # via chromadb, -c boot-verified-freeze.txt
more-itertools==11.1.0    # via haystack-ai, -c boot-verified-freeze.txt
mpmath==1.3.0             # via sympy, -c boot-verified-freeze.txt
multidict==6.8.0          # via aiohttp, yarl, -c boot-verified-freeze.txt
multiprocess==0.70.19     # via datasets, -c boot-verified-freeze.txt
networkx==3.4.2           # via haystack-ai, torch, -c boot-verified-freeze.txt
nltk==3.10.3              # via -c boot-verified-freeze.txt, -r requirements.txt
numpy==2.2.6              # via chromadb, datasets, gliner, haystack-ai, onnxruntime, pandas, scikit-learn, scipy, sentence-transformers, seqeval, transformers, -c boot-verified-freeze.txt, -r requirements.txt
oauthlib==3.3.1           # via requests-oauthlib, -c boot-verified-freeze.txt
ollama==0.6.2             # via ollama-haystack, -c boot-verified-freeze.txt
ollama-haystack==6.8.0    # via -c boot-verified-freeze.txt, -r requirements.txt
onnxruntime==1.23.2       # via chromadb, -c boot-verified-freeze.txt
openai==3.14.1            # via haystack-ai, -c boot-verified-freeze.txt
opentelemetry-api==1.44.0  # via chromadb, opentelemetry-exporter-otlp-proto-grpc, opentelemetry-sdk, opentelemetry-semantic-conventions, -c boot-verified-freeze.txt
opentelemetry-exporter-otlp-proto-common==1.44.0  # via opentelemetry-exporter-otlp-proto-grpc, -c boot-verified-freeze.txt
opentelemetry-exporter-otlp-proto-grpc==1.44.0  # via chromadb, -c boot-verified-freeze.txt
opentelemetry-proto==1.44.0  # via opentelemetry-exporter-otlp-proto-common, opentelemetry-exporter-otlp-proto-grpc, -c boot-verified-freeze.txt
opentelemetry-sdk==1.44.0  # via chromadb, opentelemetry-exporter-otlp-proto-grpc, -c boot-verified-freeze.txt
opentelemetry-semantic-conventions==0.65b0  # via opentelemetry-sdk, -c boot-verified-freeze.txt
orjson==3.12.0            # via chromadb, -c boot-verified-freeze.txt
outcome==1.3.0.post0      # via trio, trio-websocket, -c boot-verified-freeze.txt
overrides==7.7.0          # via chromadb, -c boot-verified-freeze.txt
packaging==26.3           # via build, datasets, gliner, huggingface-hub, onnxruntime, pytesseract, transformers, -c boot-verified-freeze.txt
pandas==2.3.3             # via datasets, -c boot-verified-freeze.txt
pillow==12.3.0            # via pytesseract, -c boot-verified-freeze.txt, -r requirements.txt
posthog==7.54.0           # via haystack-ai, -c boot-verified-freeze.txt
propcache==0.5.4          # via aiohttp, yarl, -c boot-verified-freeze.txt
protobuf==7.36.1          # via googleapis-common-protos, onnxruntime, opentelemetry-proto, -c boot-verified-freeze.txt
pyarrow==25.0.1           # via datasets, -c boot-verified-freeze.txt
pybase64==1.5.0           # via chromadb, -c boot-verified-freeze.txt
pycparser==3.0            # via cffi, -c boot-verified-freeze.txt
pydantic==2.13.5          # via chromadb, haystack-ai, ollama, ollama-haystack, openai, pydantic-settings, -c boot-verified-freeze.txt
pydantic-core==2.46.5     # via pydantic, -c boot-verified-freeze.txt
pydantic-settings==2.15.0  # via chromadb, -c boot-verified-freeze.txt
pygments==2.21.0          # via rich, -c boot-verified-freeze.txt
pypdf==6.19.0             # via -c boot-verified-freeze.txt, -r requirements.txt
pypika==0.51.1            # via chromadb, -c boot-verified-freeze.txt
pyproject-hooks==1.3.3    # via build, -c boot-verified-freeze.txt
pyreadline3==3.5.6        # via humanfriendly, -c boot-verified-freeze.txt
pysocks==1.7.1            # via urllib3, -c boot-verified-freeze.txt
pytesseract==0.3.13       # via -c boot-verified-freeze.txt, -r requirements.txt
python-dateutil==2.9.0.post0  # via dateparser, haystack-ai, htmldate, kubernetes, pandas, -c boot-verified-freeze.txt, -r requirements.txt
python-dotenv==1.2.3      # via pydantic-settings, uvicorn, -c boot-verified-freeze.txt, -r requirements.txt
pytz==2026.3.post1        # via dateparser, pandas, -c boot-verified-freeze.txt
pyyaml==6.0.3             # via chromadb, datasets, haystack-ai, huggingface-hub, kubernetes, transformers, uvicorn, -c boot-verified-freeze.txt
referencing==0.37.0       # via jsonschema, jsonschema-specifications, -c boot-verified-freeze.txt
regex==2026.9.10          # via dateparser, nltk, transformers, -c boot-verified-freeze.txt
requests==2.34.2          # via datasets, huggingface-hub, kubernetes, posthog, requests-oauthlib, transformers, -c boot-verified-freeze.txt
requests-oauthlib==2.0.0  # via kubernetes, -c boot-verified-freeze.txt
rich==15.0.0              # via chromadb, typer, -c boot-verified-freeze.txt
rpds-py==0.30.0           # via jsonschema, referencing, -c boot-verified-freeze.txt
safetensors==0.8.0        # via gliner, transformers, -c boot-verified-freeze.txt
scikit-learn==1.7.2       # via sentence-transformers, seqeval, -c boot-verified-freeze.txt
scipy==1.15.3             # via scikit-learn, sentence-transformers, -c boot-verified-freeze.txt
selenium==4.49.0          # via -c boot-verified-freeze.txt, -r requirements.txt
sentence-transformers==5.7.0  # via -c boot-verified-freeze.txt, -r requirements.txt
sentencepiece==0.2.2      # via gliner, -c boot-verified-freeze.txt
seqeval==1.2.2            # via glirel, -c boot-verified-freeze.txt
setuptools==84.0.0        # via torch, -c boot-verified-freeze.txt
shellingham==1.5.4        # via typer, -c boot-verified-freeze.txt
six==1.17.0               # via kubernetes, python-dateutil, -c boot-verified-freeze.txt
sniffio==1.3.1            # via openai, trio, -c boot-verified-freeze.txt
sortedcontainers==2.4.0   # via trio, -c boot-verified-freeze.txt
soupsieve==2.9.2          # via beautifulsoup4, -c boot-verified-freeze.txt
sympy==1.14.0             # via onnxruntime, torch, -c boot-verified-freeze.txt
tenacity==9.1.4           # via chromadb, haystack-ai, ollama-haystack, -c boot-verified-freeze.txt
threadpoolctl==3.7.0      # via scikit-learn, -c boot-verified-freeze.txt
tld==0.13.2               # via courlan, -c boot-verified-freeze.txt
tokenizers==0.22.2        # via chromadb, sentence-transformers, transformers, -c boot-verified-freeze.txt
tomli==2.4.1              # via build, -c boot-verified-freeze.txt
torch==2.14.0             # via gliner, glirel, sentence-transformers, -c boot-verified-freeze.txt, -r requirements.txt
tqdm==4.70.1              # via chromadb, datasets, gliner, glirel, haystack-ai, huggingface-hub, nltk, sentence-transformers, transformers, -c boot-verified-freeze.txt
trafilatura==2.2.0        # via -c boot-verified-freeze.txt, -r requirements.txt
transformers==4.57.6      # via gliner, glirel, sentence-transformers, -c boot-verified-freeze.txt, -r requirements.txt
trio==0.34.0              # via selenium, trio-websocket, -c boot-verified-freeze.txt
trio-websocket==0.12.2    # via selenium, -c boot-verified-freeze.txt
truststore==0.10.4        # via httpcore2, httpx2, -c boot-verified-freeze.txt
typer==0.27.2             # via chromadb, -c boot-verified-freeze.txt
typing-extensions==4.16.0  # via aiohttp, aiosignal, anyio, beautifulsoup4, chromadb, exceptiongroup, flask-cors, grpcio, haystack-ai, httpx2, huggingface-hub, multidict, openai, opentelemetry-api, opentelemetry-exporter-otlp-proto-grpc, opentelemetry-sdk, opentelemetry-semantic-conventions, posthog, pydantic, pydantic-core, pypdf, pypika, referencing, selenium, sentence-transformers, torch, typing-inspection, uvicorn, -c boot-verified-freeze.txt
typing-inspection==0.4.4  # via pydantic, pydantic-settings, -c boot-verified-freeze.txt
tzdata==2026.4            # via pandas, tzlocal, -c boot-verified-freeze.txt
tzlocal==5.4.4            # via apscheduler, dateparser, -c boot-verified-freeze.txt
urllib3==2.8.0            # via courlan, htmldate, kubernetes, requests, selenium, trafilatura, -c boot-verified-freeze.txt
uvicorn==0.53.0           # via chromadb, -c boot-verified-freeze.txt
watchfiles==1.2.0         # via uvicorn, -c boot-verified-freeze.txt
websocket-client==1.9.2   # via kubernetes, selenium, -c boot-verified-freeze.txt
websockets==16.1.1        # via uvicorn, -c boot-verified-freeze.txt
werkzeug==3.1.8           # via flask, flask-cors, -c boot-verified-freeze.txt
win32-setctime==1.2.0     # via loguru, -c boot-verified-freeze.txt
wsproto==1.3.2            # via trio-websocket, -c boot-verified-freeze.txt
xxhash==4.0.1             # via datasets, -c boot-verified-freeze.txt
yarl==1.25.1              # via aiohttp, -c boot-verified-freeze.txt
